
Microsoft Visual Studio Solution File, Format Version 12.00
Project("{FAE04EC0-301F-11D3-BF4B-00C04F79EFBC}") = "RetailStoreManagement", "RetailStoreManagement\RetailStoreManagement.csproj", "{5BCB196E-2B24-4A9D-881A-D92E762BE2E7}"
EndProject
Global
	GlobalSection(SolutionConfigurationPlatforms) = preSolution
		Debug|Any CPU = Debug|Any CPU
		Release|Any CPU = Release|Any CPU
	EndGlobalSection
	GlobalSection(ProjectConfigurationPlatforms) = postSolution
		{5BCB196E-2B24-4A9D-881A-D92E762BE2E7}.Debug|Any CPU.ActiveCfg = Debug|Any CPU
		{5BCB196E-2B24-4A9D-881A-D92E762BE2E7}.Debug|Any CPU.Build.0 = Debug|Any CPU
		{5BCB196E-2B24-4A9D-881A-D92E762BE2E7}.Release|Any CPU.ActiveCfg = Release|Any CPU
		{5BCB196E-2B24-4A9D-881A-D92E762BE2E7}.Release|Any CPU.Build.0 = Release|Any CPU
	EndGlobalSection
EndGlobal
