
Microsoft Visual Studio Solution File, Format Version 12.00
# Visual Studio Version 17
VisualStudioVersion = 17.0.31903.59
MinimumVisualStudioVersion = 10.0.40219.1
Project("{FAE04EC0-301F-11D3-BF4B-00C04F79EFBC}") = "RetailStoreManagement", "RetailStoreManagement.csproj", "{9782BBBC-423B-486C-AA8B-13286BE6814F}"
EndProject
Project("{2150E333-8FDC-42A3-9474-1A3956D46DE8}") = "tests", "tests", "{821375D4-61FC-40F7-8769-407E242DBDA7}"
EndProject
Project("{FAE04EC0-301F-11D3-BF4B-00C04F79EFBC}") = "RetailStoreManagement.Tests", "tests\RetailStoreManagement.Tests\RetailStoreManagement.Tests.csproj", "{B6847533-78D7-4BB7-888F-9306479A7773}"
EndProject
Global
	GlobalSection(SolutionConfigurationPlatforms) = preSolution
		Debug|Any CPU = Debug|Any CPU
		Release|Any CPU = Release|Any CPU
	EndGlobalSection
	GlobalSection(SolutionProperties) = preSolution
		HideSolutionNode = FALSE
	EndGlobalSection
	GlobalSection(ProjectConfigurationPlatforms) = postSolution
		{9782BBBC-423B-486C-AA8B-13286BE6814F}.Debug|Any CPU.ActiveCfg = Debug|Any CPU
		{9782BBBC-423B-486C-AA8B-13286BE6814F}.Debug|Any CPU.Build.0 = Debug|Any CPU
		{9782BBBC-423B-486C-AA8B-13286BE6814F}.Release|Any CPU.ActiveCfg = Release|Any CPU
		{9782BBBC-423B-486C-AA8B-13286BE6814F}.Release|Any CPU.Build.0 = Release|Any CPU
		{B6847533-78D7-4BB7-888F-9306479A7773}.Debug|Any CPU.ActiveCfg = Debug|Any CPU
		{B6847533-78D7-4BB7-888F-9306479A7773}.Debug|Any CPU.Build.0 = Debug|Any CPU
		{B6847533-78D7-4BB7-888F-9306479A7773}.Release|Any CPU.ActiveCfg = Release|Any CPU
		{B6847533-78D7-4BB7-888F-9306479A7773}.Release|Any CPU.Build.0 = Release|Any CPU
	EndGlobalSection
	GlobalSection(NestedProjects) = preSolution
		{B6847533-78D7-4BB7-888F-9306479A7773} = {821375D4-61FC-40F7-8769-407E242DBDA7}
	EndGlobalSection
EndGlobal
